
Microsoft Visual Studio Solution File, Format Version 12.00
# Visual Studio Version 16
VisualStudioVersion = 16.0.31624.102
MinimumVisualStudioVersion = 10.0.40219.1
Project("{8BC9CEB8-8B4A-11D0-8D11-00A0C91BC942}") = "1 lab 2 sem (regular werbs)", "1 lab 2 sem (regular werbs).vcxproj", "{AF9827F2-694F-42D4-8909-9F5C01868CF8}"
EndProject
Global
	GlobalSection(SolutionConfigurationPlatforms) = preSolution
		Debug|x64 = Debug|x64
		Debug|x86 = Debug|x86
		Release|x64 = Release|x64
		Release|x86 = Release|x86
	EndGlobalSection
	GlobalSection(ProjectConfigurationPlatforms) = postSolution
		{AF9827F2-694F-42D4-8909-9F5C01868CF8}.Debug|x64.ActiveCfg = Debug|x64
		{AF9827F2-694F-42D4-8909-9F5C01868CF8}.Debug|x64.Build.0 = Debug|x64
		{AF9827F2-694F-42D4-8909-9F5C01868CF8}.Debug|x86.ActiveCfg = Debug|Win32
		{AF9827F2-694F-42D4-8909-9F5C01868CF8}.Debug|x86.Build.0 = Debug|Win32
		{AF9827F2-694F-42D4-8909-9F5C01868CF8}.Release|x64.ActiveCfg = Release|x64
		{AF9827F2-694F-42D4-8909-9F5C01868CF8}.Release|x64.Build.0 = Release|x64
		{AF9827F2-694F-42D4-8909-9F5C01868CF8}.Release|x86.ActiveCfg = Release|Win32
		{AF9827F2-694F-42D4-8909-9F5C01868CF8}.Release|x86.Build.0 = Release|Win32
	EndGlobalSection
	GlobalSection(SolutionProperties) = preSolution
		HideSolutionNode = FALSE
	EndGlobalSection
	GlobalSection(ExtensibilityGlobals) = postSolution
		SolutionGuid = {83B00123-C045-43D7-9E4B-2011B946EEF2}
	EndGlobalSection
EndGlobal
